
Microsoft Visual Studio Solution File, Format Version 12.00
# Visual Studio 15
VisualStudioVersion = 15.0.28307.1300
MinimumVisualStudioVersion = 10.0.40219.1
Project("{A99171F4-43ED-48FC-978B-9193EDE4E466}") = "SimpleDGIEImport", "SimpleDGIEImport\SimpleDGIEImport.vrproj", "{BA3BBD09-E33A-43C4-8C97-11707898DDF6}"
EndProject
Global
	GlobalSection(SolutionConfigurationPlatforms) = preSolution
		Debug|Any CPU = Debug|Any CPU
		Release|Any CPU = Release|Any CPU
	EndGlobalSection
	GlobalSection(ProjectConfigurationPlatforms) = postSolution
		{BA3BBD09-E33A-43C4-8C97-11707898DDF6}.Debug|Any CPU.ActiveCfg = Debug|Any CPU
		{BA3BBD09-E33A-43C4-8C97-11707898DDF6}.Debug|Any CPU.Build.0 = Debug|Any CPU
		{BA3BBD09-E33A-43C4-8C97-11707898DDF6}.Release|Any CPU.ActiveCfg = Release|Any CPU
		{BA3BBD09-E33A-43C4-8C97-11707898DDF6}.Release|Any CPU.Build.0 = Release|Any CPU
	EndGlobalSection
	GlobalSection(SolutionProperties) = preSolution
		HideSolutionNode = FALSE
	EndGlobalSection
	GlobalSection(ExtensibilityGlobals) = postSolution
		SolutionGuid = {12C775F0-31D5-4D00-88D2-CCF5D078553F}
	EndGlobalSection
EndGlobal
